// !$*UTF8*$!
{
	archiveVersion = 1;
	classes = {
	};
	objectVersion = 56;
	objects = {

/* Begin PBXBuildFile section */
		D0170E412C6FD951000E4339 /* SignInAppleHelper.swift in Sources */ = {isa = PBXBuildFile; fileRef = D0170E402C6FD951000E4339 /* SignInAppleHelper.swift */; };
		D025A6502C73936600F5DF03 /* GoogleService-Info.plist in Resources */ = {isa = PBXBuildFile; fileRef = D025A64F2C73936600F5DF03 /* GoogleService-Info.plist */; };
		D025A6522C73995600F5DF03 /* FirebaseFirestore in Frameworks */ = {isa = PBXBuildFile; productRef = D025A6512C73995600F5DF03 /* FirebaseFirestore */; };
		D025A6542C73995600F5DF03 /* FirebaseFirestoreSwift in Frameworks */ = {isa = PBXBuildFile; productRef = D025A6532C73995600F5DF03 /* FirebaseFirestoreSwift */; };
		D025A6582C73B57700F5DF03 /* SettingsViewModel.swift in Sources */ = {isa = PBXBuildFile; fileRef = D025A6572C73B57700F5DF03 /* SettingsViewModel.swift */; };
		D025A65B2C73B5AB00F5DF03 /* AuthenticationVieModel.swift in Sources */ = {isa = PBXBuildFile; fileRef = D025A65A2C73B5AB00F5DF03 /* AuthenticationVieModel.swift */; };
		D025A65E2C73B5CF00F5DF03 /* SignInEmailViewModel.swift in Sources */ = {isa = PBXBuildFile; fileRef = D025A65D2C73B5CF00F5DF03 /* SignInEmailViewModel.swift */; };
		D025A6612C73B60800F5DF03 /* ProfileView.swift in Sources */ = {isa = PBXBuildFile; fileRef = D025A6602C73B60800F5DF03 /* ProfileView.swift */; };
		D025A6642C73BA2300F5DF03 /* UserManager.swift in Sources */ = {isa = PBXBuildFile; fileRef = D025A6632C73BA2300F5DF03 /* UserManager.swift */; };
		D06AB6B32C774388007785C4 /* ProductDatabase.swift in Sources */ = {isa = PBXBuildFile; fileRef = D06AB6B22C774388007785C4 /* ProductDatabase.swift */; };
		D06AB6B62C774528007785C4 /* ProductsView.swift in Sources */ = {isa = PBXBuildFile; fileRef = D06AB6B52C774528007785C4 /* ProductsView.swift */; };
		D06AB6B82C7748B4007785C4 /* ProductsManager.swift in Sources */ = {isa = PBXBuildFile; fileRef = D06AB6B72C7748B4007785C4 /* ProductsManager.swift */; };
		D06AB6BB2C7756E5007785C4 /* ProductCellView.swift in Sources */ = {isa = PBXBuildFile; fileRef = D06AB6BA2C7756E5007785C4 /* ProductCellView.swift */; };
		D06C8F4E2C3EBAF500833820 /* FirebaseAuth in Frameworks */ = {isa = PBXBuildFile; productRef = D06C8F4D2C3EBAF500833820 /* FirebaseAuth */; };
		D06C8F512C3EBC4600833820 /* AuthenticationView.swift in Sources */ = {isa = PBXBuildFile; fileRef = D06C8F502C3EBC4600833820 /* AuthenticationView.swift */; };
		D06C8F532C3EBCEA00833820 /* SignInEmailView.swift in Sources */ = {isa = PBXBuildFile; fileRef = D06C8F522C3EBCEA00833820 /* SignInEmailView.swift */; };
		D06C8F552C3EBE0900833820 /* AuthenticationManager.swift in Sources */ = {isa = PBXBuildFile; fileRef = D06C8F542C3EBE0900833820 /* AuthenticationManager.swift */; };
		D06C8F572C3EC24A00833820 /* RootView.swift in Sources */ = {isa = PBXBuildFile; fileRef = D06C8F562C3EC24A00833820 /* RootView.swift */; };
		D06C8F592C3EC3C300833820 /* SettingsView.swift in Sources */ = {isa = PBXBuildFile; fileRef = D06C8F582C3EC3C300833820 /* SettingsView.swift */; };
		D0AE3DDD2C3714EF00351C65 /* Firebase_BootcampApp.swift in Sources */ = {isa = PBXBuildFile; fileRef = D0AE3DDC2C3714EF00351C65 /* Firebase_BootcampApp.swift */; };
		D0AE3DDF2C3714EF00351C65 /* ContentView.swift in Sources */ = {isa = PBXBuildFile; fileRef = D0AE3DDE2C3714EF00351C65 /* ContentView.swift */; };
		D0AE3DE12C3714F100351C65 /* Assets.xcassets in Resources */ = {isa = PBXBuildFile; fileRef = D0AE3DE02C3714F100351C65 /* Assets.xcassets */; };
		D0AE3DE42C3714F100351C65 /* Preview Assets.xcassets in Resources */ = {isa = PBXBuildFile; fileRef = D0AE3DE32C3714F100351C65 /* Preview Assets.xcassets */; };
		D0AE3DEE2C3719D200351C65 /* FirebaseAnalytics in Frameworks */ = {isa = PBXBuildFile; productRef = D0AE3DED2C3719D200351C65 /* FirebaseAnalytics */; };
		D0AE3DF02C3719D200351C65 /* FirebaseAnalyticsSwift in Frameworks */ = {isa = PBXBuildFile; productRef = D0AE3DEF2C3719D200351C65 /* FirebaseAnalyticsSwift */; };
		D0F0EC942C6F6ABF007E54DE /* GoogleSignIn in Frameworks */ = {isa = PBXBuildFile; productRef = D0F0EC932C6F6ABF007E54DE /* GoogleSignIn */; };
		D0F0EC962C6F6ABF007E54DE /* GoogleSignInSwift in Frameworks */ = {isa = PBXBuildFile; productRef = D0F0EC952C6F6ABF007E54DE /* GoogleSignInSwift */; };
		D0F0EC9C2C6F6F4A007E54DE /* Utilities.swift in Sources */ = {isa = PBXBuildFile; fileRef = D0F0EC9B2C6F6F4A007E54DE /* Utilities.swift */; };
		D0F0EC9E2C6F7B19007E54DE /* SignInGoogleHelper.swift in Sources */ = {isa = PBXBuildFile; fileRef = D0F0EC9D2C6F7B19007E54DE /* SignInGoogleHelper.swift */; };
/* End PBXBuildFile section */

/* Begin PBXFileReference section */
		D0170E3F2C6FBF7C000E4339 /* Firebase Bootcamp.entitlements */ = {isa = PBXFileReference; lastKnownFileType = text.plist.entitlements; path = "Firebase Bootcamp.entitlements"; sourceTree = "<group>"; };
		D0170E402C6FD951000E4339 /* SignInAppleHelper.swift */ = {isa = PBXFileReference; lastKnownFileType = sourcecode.swift; path = SignInAppleHelper.swift; sourceTree = "<group>"; };
		D025A64F2C73936600F5DF03 /* GoogleService-Info.plist */ = {isa = PBXFileReference; fileEncoding = 4; lastKnownFileType = text.plist.xml; path = "GoogleService-Info.plist"; sourceTree = "<group>"; };
		D025A6572C73B57700F5DF03 /* SettingsViewModel.swift */ = {isa = PBXFileReference; lastKnownFileType = sourcecode.swift; path = SettingsViewModel.swift; sourceTree = "<group>"; };
		D025A65A2C73B5AB00F5DF03 /* AuthenticationVieModel.swift */ = {isa = PBXFileReference; lastKnownFileType = sourcecode.swift; path = AuthenticationVieModel.swift; sourceTree = "<group>"; };
		D025A65D2C73B5CF00F5DF03 /* SignInEmailViewModel.swift */ = {isa = PBXFileReference; lastKnownFileType = sourcecode.swift; path = SignInEmailViewModel.swift; sourceTree = "<group>"; };
		D025A6602C73B60800F5DF03 /* ProfileView.swift */ = {isa = PBXFileReference; lastKnownFileType = sourcecode.swift; path = ProfileView.swift; sourceTree = "<group>"; };
		D025A6632C73BA2300F5DF03 /* UserManager.swift */ = {isa = PBXFileReference; lastKnownFileType = sourcecode.swift; path = UserManager.swift; sourceTree = "<group>"; };
		D06AB6B22C774388007785C4 /* ProductDatabase.swift */ = {isa = PBXFileReference; lastKnownFileType = sourcecode.swift; path = ProductDatabase.swift; sourceTree = "<group>"; };
		D06AB6B52C774528007785C4 /* ProductsView.swift */ = {isa = PBXFileReference; lastKnownFileType = sourcecode.swift; path = ProductsView.swift; sourceTree = "<group>"; };
		D06AB6B72C7748B4007785C4 /* ProductsManager.swift */ = {isa = PBXFileReference; lastKnownFileType = sourcecode.swift; path = ProductsManager.swift; sourceTree = "<group>"; };
		D06AB6BA2C7756E5007785C4 /* ProductCellView.swift */ = {isa = PBXFileReference; lastKnownFileType = sourcecode.swift; path = ProductCellView.swift; sourceTree = "<group>"; };
		D06C8F502C3EBC4600833820 /* AuthenticationView.swift */ = {isa = PBXFileReference; lastKnownFileType = sourcecode.swift; path = AuthenticationView.swift; sourceTree = "<group>"; };
		D06C8F522C3EBCEA00833820 /* SignInEmailView.swift */ = {isa = PBXFileReference; lastKnownFileType = sourcecode.swift; path = SignInEmailView.swift; sourceTree = "<group>"; };
		D06C8F542C3EBE0900833820 /* AuthenticationManager.swift */ = {isa = PBXFileReference; lastKnownFileType = sourcecode.swift; path = AuthenticationManager.swift; sourceTree = "<group>"; };
		D06C8F562C3EC24A00833820 /* RootView.swift */ = {isa = PBXFileReference; lastKnownFileType = sourcecode.swift; path = RootView.swift; sourceTree = "<group>"; };
		D06C8F582C3EC3C300833820 /* SettingsView.swift */ = {isa = PBXFileReference; lastKnownFileType = sourcecode.swift; path = SettingsView.swift; sourceTree = "<group>"; };
		D0AE3DD92C3714EF00351C65 /* Firebase Bootcamp.app */ = {isa = PBXFileReference; explicitFileType = wrapper.application; includeInIndex = 0; path = "Firebase Bootcamp.app"; sourceTree = BUILT_PRODUCTS_DIR; };
		D0AE3DDC2C3714EF00351C65 /* Firebase_BootcampApp.swift */ = {isa = PBXFileReference; lastKnownFileType = sourcecode.swift; path = Firebase_BootcampApp.swift; sourceTree = "<group>"; };
		D0AE3DDE2C3714EF00351C65 /* ContentView.swift */ = {isa = PBXFileReference; lastKnownFileType = sourcecode.swift; path = ContentView.swift; sourceTree = "<group>"; };
		D0AE3DE02C3714F100351C65 /* Assets.xcassets */ = {isa = PBXFileReference; lastKnownFileType = folder.assetcatalog; path = Assets.xcassets; sourceTree = "<group>"; };
		D0AE3DE32C3714F100351C65 /* Preview Assets.xcassets */ = {isa = PBXFileReference; lastKnownFileType = folder.assetcatalog; path = "Preview Assets.xcassets"; sourceTree = "<group>"; };
		D0F0EC972C6F6AFE007E54DE /* Firebase-Bootcamp-Info.plist */ = {isa = PBXFileReference; lastKnownFileType = text.plist; path = "Firebase-Bootcamp-Info.plist"; sourceTree = SOURCE_ROOT; };
		D0F0EC9B2C6F6F4A007E54DE /* Utilities.swift */ = {isa = PBXFileReference; lastKnownFileType = sourcecode.swift; path = Utilities.swift; sourceTree = "<group>"; };
		D0F0EC9D2C6F7B19007E54DE /* SignInGoogleHelper.swift */ = {isa = PBXFileReference; lastKnownFileType = sourcecode.swift; path = SignInGoogleHelper.swift; sourceTree = "<group>"; };
/* End PBXFileReference section */

/* Begin PBXFrameworksBuildPhase section */
		D0AE3DD62C3714EF00351C65 /* Frameworks */ = {
			isa = PBXFrameworksBuildPhase;
			buildActionMask = 2147483647;
			files = (
				D0F0EC962C6F6ABF007E54DE /* GoogleSignInSwift in Frameworks */,
				D0AE3DF02C3719D200351C65 /* FirebaseAnalyticsSwift in Frameworks */,
				D0F0EC942C6F6ABF007E54DE /* GoogleSignIn in Frameworks */,
				D025A6542C73995600F5DF03 /* FirebaseFirestoreSwift in Frameworks */,
				D06C8F4E2C3EBAF500833820 /* FirebaseAuth in Frameworks */,
				D0AE3DEE2C3719D200351C65 /* FirebaseAnalytics in Frameworks */,
				D025A6522C73995600F5DF03 /* FirebaseFirestore in Frameworks */,
			);
			runOnlyForDeploymentPostprocessing = 0;
		};
/* End PBXFrameworksBuildPhase section */

/* Begin PBXGroup section */
		D025A6552C73B54400F5DF03 /* Core */ = {
			isa = PBXGroup;
			children = (
				D06C8F562C3EC24A00833820 /* RootView.swift */,
				D06AB6B42C774516007785C4 /* Products */,
				D025A65F2C73B5ED00F5DF03 /* Profile */,
				D025A6592C73B59600F5DF03 /* Authentication */,
				D025A6562C73B56500F5DF03 /* Settings */,
			);
			path = Core;
			sourceTree = "<group>";
		};
		D025A6562C73B56500F5DF03 /* Settings */ = {
			isa = PBXGroup;
			children = (
				D06C8F582C3EC3C300833820 /* SettingsView.swift */,
				D025A6572C73B57700F5DF03 /* SettingsViewModel.swift */,
			);
			path = Settings;
			sourceTree = "<group>";
		};
		D025A6592C73B59600F5DF03 /* Authentication */ = {
			isa = PBXGroup;
			children = (
				D06C8F502C3EBC4600833820 /* AuthenticationView.swift */,
				D025A65A2C73B5AB00F5DF03 /* AuthenticationVieModel.swift */,
				D025A65C2C73B5BD00F5DF03 /* Subviews */,
			);
			name = Authentication;
			sourceTree = "<group>";
		};
		D025A65C2C73B5BD00F5DF03 /* Subviews */ = {
			isa = PBXGroup;
			children = (
				D06C8F522C3EBCEA00833820 /* SignInEmailView.swift */,
				D025A65D2C73B5CF00F5DF03 /* SignInEmailViewModel.swift */,
			);
			name = Subviews;
			sourceTree = "<group>";
		};
		D025A65F2C73B5ED00F5DF03 /* Profile */ = {
			isa = PBXGroup;
			children = (
				D025A6602C73B60800F5DF03 /* ProfileView.swift */,
			);
			path = Profile;
			sourceTree = "<group>";
		};
		D025A6622C73BA0B00F5DF03 /* Firestore */ = {
			isa = PBXGroup;
			children = (
				D025A6632C73BA2300F5DF03 /* UserManager.swift */,
				D06AB6B72C7748B4007785C4 /* ProductsManager.swift */,
			);
			path = Firestore;
			sourceTree = "<group>";
		};
		D06AB6B42C774516007785C4 /* Products */ = {
			isa = PBXGroup;
			children = (
				D06AB6B52C774528007785C4 /* ProductsView.swift */,
				D06AB6B92C774EC3007785C4 /* Subviews */,
			);
			path = Products;
			sourceTree = "<group>";
		};
		D06AB6B92C774EC3007785C4 /* Subviews */ = {
			isa = PBXGroup;
			children = (
				D06AB6BA2C7756E5007785C4 /* ProductCellView.swift */,
			);
			path = Subviews;
			sourceTree = "<group>";
		};
		D06C8F4C2C3EBAF500833820 /* Frameworks */ = {
			isa = PBXGroup;
			children = (
			);
			name = Frameworks;
			sourceTree = "<group>";
		};
		D06C8F4F2C3EBC2800833820 /* Authentication */ = {
			isa = PBXGroup;
			children = (
				D06C8F542C3EBE0900833820 /* AuthenticationManager.swift */,
				D0F0EC9D2C6F7B19007E54DE /* SignInGoogleHelper.swift */,
				D0170E402C6FD951000E4339 /* SignInAppleHelper.swift */,
			);
			path = Authentication;
			sourceTree = "<group>";
		};
		D0AE3DD02C3714EF00351C65 = {
			isa = PBXGroup;
			children = (
				D0AE3DDB2C3714EF00351C65 /* Firebase Bootcamp */,
				D0AE3DDA2C3714EF00351C65 /* Products */,
				D06C8F4C2C3EBAF500833820 /* Frameworks */,
			);
			sourceTree = "<group>";
		};
		D0AE3DDA2C3714EF00351C65 /* Products */ = {
			isa = PBXGroup;
			children = (
				D0AE3DD92C3714EF00351C65 /* Firebase Bootcamp.app */,
			);
			name = Products;
			sourceTree = "<group>";
		};
		D0AE3DDB2C3714EF00351C65 /* Firebase Bootcamp */ = {
			isa = PBXGroup;
			children = (
				D025A64F2C73936600F5DF03 /* GoogleService-Info.plist */,
				D0170E3F2C6FBF7C000E4339 /* Firebase Bootcamp.entitlements */,
				D0F0EC972C6F6AFE007E54DE /* Firebase-Bootcamp-Info.plist */,
				D0AE3DDC2C3714EF00351C65 /* Firebase_BootcampApp.swift */,
				D0AE3DDE2C3714EF00351C65 /* ContentView.swift */,
				D025A6552C73B54400F5DF03 /* Core */,
				D0F0EC9A2C6F6F3A007E54DE /* Utilities */,
				D06C8F4F2C3EBC2800833820 /* Authentication */,
				D025A6622C73BA0B00F5DF03 /* Firestore */,
				D0AE3DE02C3714F100351C65 /* Assets.xcassets */,
				D0AE3DE22C3714F100351C65 /* Preview Content */,
			);
			path = "Firebase Bootcamp";
			sourceTree = "<group>";
		};
		D0AE3DE22C3714F100351C65 /* Preview Content */ = {
			isa = PBXGroup;
			children = (
				D0AE3DE32C3714F100351C65 /* Preview Assets.xcassets */,
			);
			path = "Preview Content";
			sourceTree = "<group>";
		};
		D0F0EC9A2C6F6F3A007E54DE /* Utilities */ = {
			isa = PBXGroup;
			children = (
				D0F0EC9B2C6F6F4A007E54DE /* Utilities.swift */,
				D06AB6B22C774388007785C4 /* ProductDatabase.swift */,
			);
			path = Utilities;
			sourceTree = "<group>";
		};
/* End PBXGroup section */

/* Begin PBXNativeTarget section */
		D0AE3DD82C3714EF00351C65 /* Firebase Bootcamp */ = {
			isa = PBXNativeTarget;
			buildConfigurationList = D0AE3DE72C3714F100351C65 /* Build configuration list for PBXNativeTarget "Firebase Bootcamp" */;
			buildPhases = (
				D0AE3DD52C3714EF00351C65 /* Sources */,
				D0AE3DD62C3714EF00351C65 /* Frameworks */,
				D0AE3DD72C3714EF00351C65 /* Resources */,
			);
			buildRules = (
			);
			dependencies = (
			);
			name = "Firebase Bootcamp";
			packageProductDependencies = (
				D0AE3DED2C3719D200351C65 /* FirebaseAnalytics */,
				D0AE3DEF2C3719D200351C65 /* FirebaseAnalyticsSwift */,
				D06C8F4D2C3EBAF500833820 /* FirebaseAuth */,
				D0F0EC932C6F6ABF007E54DE /* GoogleSignIn */,
				D0F0EC952C6F6ABF007E54DE /* GoogleSignInSwift */,
				D025A6512C73995600F5DF03 /* FirebaseFirestore */,
				D025A6532C73995600F5DF03 /* FirebaseFirestoreSwift */,
			);
			productName = "Firebase Bootcamp";
			productReference = D0AE3DD92C3714EF00351C65 /* Firebase Bootcamp.app */;
			productType = "com.apple.product-type.application";
		};
/* End PBXNativeTarget section */

/* Begin PBXProject section */
		D0AE3DD12C3714EF00351C65 /* Project object */ = {
			isa = PBXProject;
			attributes = {
				BuildIndependentTargetsInParallel = 1;
				LastSwiftUpdateCheck = 1540;
				LastUpgradeCheck = 1540;
				TargetAttributes = {
					D0AE3DD82C3714EF00351C65 = {
						CreatedOnToolsVersion = 15.4;
					};
				};
			};
			buildConfigurationList = D0AE3DD42C3714EF00351C65 /* Build configuration list for PBXProject "Firebase Bootcamp" */;
			compatibilityVersion = "Xcode 14.0";
			developmentRegion = en;
			hasScannedForEncodings = 0;
			knownRegions = (
				en,
				Base,
			);
			mainGroup = D0AE3DD02C3714EF00351C65;
			packageReferences = (
				D0AE3DEC2C3719D200351C65 /* XCRemoteSwiftPackageReference "firebase-ios-sdk" */,
				D0F0EC922C6F6ABF007E54DE /* XCRemoteSwiftPackageReference "GoogleSignIn-iOS" */,
			);
			productRefGroup = D0AE3DDA2C3714EF00351C65 /* Products */;
			projectDirPath = "";
			projectRoot = "";
			targets = (
				D0AE3DD82C3714EF00351C65 /* Firebase Bootcamp */,
			);
		};
/* End PBXProject section */

/* Begin PBXResourcesBuildPhase section */
		D0AE3DD72C3714EF00351C65 /* Resources */ = {
			isa = PBXResourcesBuildPhase;
			buildActionMask = 2147483647;
			files = (
				D0AE3DE42C3714F100351C65 /* Preview Assets.xcassets in Resources */,
				D0AE3DE12C3714F100351C65 /* Assets.xcassets in Resources */,
				D025A6502C73936600F5DF03 /* GoogleService-Info.plist in Resources */,
			);
			runOnlyForDeploymentPostprocessing = 0;
		};
/* End PBXResourcesBuildPhase section */

/* Begin PBXSourcesBuildPhase section */
		D0AE3DD52C3714EF00351C65 /* Sources */ = {
			isa = PBXSourcesBuildPhase;
			buildActionMask = 2147483647;
			files = (
				D025A65B2C73B5AB00F5DF03 /* AuthenticationVieModel.swift in Sources */,
				D06C8F592C3EC3C300833820 /* SettingsView.swift in Sources */,
				D06AB6BB2C7756E5007785C4 /* ProductCellView.swift in Sources */,
				D0AE3DDF2C3714EF00351C65 /* ContentView.swift in Sources */,
				D025A6642C73BA2300F5DF03 /* UserManager.swift in Sources */,
				D06AB6B62C774528007785C4 /* ProductsView.swift in Sources */,
				D0AE3DDD2C3714EF00351C65 /* Firebase_BootcampApp.swift in Sources */,
				D06C8F572C3EC24A00833820 /* RootView.swift in Sources */,
				D06AB6B82C7748B4007785C4 /* ProductsManager.swift in Sources */,
				D06AB6B32C774388007785C4 /* ProductDatabase.swift in Sources */,
				D025A65E2C73B5CF00F5DF03 /* SignInEmailViewModel.swift in Sources */,
				D0F0EC9E2C6F7B19007E54DE /* SignInGoogleHelper.swift in Sources */,
				D06C8F512C3EBC4600833820 /* AuthenticationView.swift in Sources */,
				D06C8F552C3EBE0900833820 /* AuthenticationManager.swift in Sources */,
				D0F0EC9C2C6F6F4A007E54DE /* Utilities.swift in Sources */,
				D025A6582C73B57700F5DF03 /* SettingsViewModel.swift in Sources */,
				D0170E412C6FD951000E4339 /* SignInAppleHelper.swift in Sources */,
				D025A6612C73B60800F5DF03 /* ProfileView.swift in Sources */,
				D06C8F532C3EBCEA00833820 /* SignInEmailView.swift in Sources */,
			);
			runOnlyForDeploymentPostprocessing = 0;
		};
/* End PBXSourcesBuildPhase section */

/* Begin XCBuildConfiguration section */
		D0AE3DE52C3714F100351C65 /* Debug */ = {
			isa = XCBuildConfiguration;
			buildSettings = {
				ALWAYS_SEARCH_USER_PATHS = NO;
				ASSETCATALOG_COMPILER_GENERATE_SWIFT_ASSET_SYMBOL_EXTENSIONS = YES;
				CLANG_ANALYZER_NONNULL = YES;
				CLANG_ANALYZER_NUMBER_OBJECT_CONVERSION = YES_AGGRESSIVE;
				CLANG_CXX_LANGUAGE_STANDARD = "gnu++20";
				CLANG_ENABLE_MODULES = YES;
				CLANG_ENABLE_OBJC_ARC = YES;
				CLANG_ENABLE_OBJC_WEAK = YES;
				CLANG_WARN_BLOCK_CAPTURE_AUTORELEASING = YES;
				CLANG_WARN_BOOL_CONVERSION = YES;
				CLANG_WARN_COMMA = YES;
				CLANG_WARN_CONSTANT_CONVERSION = YES;
				CLANG_WARN_DEPRECATED_OBJC_IMPLEMENTATIONS = YES;
				CLANG_WARN_DIRECT_OBJC_ISA_USAGE = YES_ERROR;
				CLANG_WARN_DOCUMENTATION_COMMENTS = YES;
				CLANG_WARN_EMPTY_BODY = YES;
				CLANG_WARN_ENUM_CONVERSION = YES;
				CLANG_WARN_INFINITE_RECURSION = YES;
				CLANG_WARN_INT_CONVERSION = YES;
				CLANG_WARN_NON_LITERAL_NULL_CONVERSION = YES;
				CLANG_WARN_OBJC_IMPLICIT_RETAIN_SELF = YES;
				CLANG_WARN_OBJC_LITERAL_CONVERSION = YES;
				CLANG_WARN_OBJC_ROOT_CLASS = YES_ERROR;
				CLANG_WARN_QUOTED_INCLUDE_IN_FRAMEWORK_HEADER = YES;
				CLANG_WARN_RANGE_LOOP_ANALYSIS = YES;
				CLANG_WARN_STRICT_PROTOTYPES = YES;
				CLANG_WARN_SUSPICIOUS_MOVE = YES;
				CLANG_WARN_UNGUARDED_AVAILABILITY = YES_AGGRESSIVE;
				CLANG_WARN_UNREACHABLE_CODE = YES;
				CLANG_WARN__DUPLICATE_METHOD_MATCH = YES;
				COPY_PHASE_STRIP = NO;
				DEBUG_INFORMATION_FORMAT = dwarf;
				ENABLE_STRICT_OBJC_MSGSEND = YES;
				ENABLE_TESTABILITY = YES;
				ENABLE_USER_SCRIPT_SANDBOXING = YES;
				GCC_C_LANGUAGE_STANDARD = gnu17;
				GCC_DYNAMIC_NO_PIC = NO;
				GCC_NO_COMMON_BLOCKS = YES;
				GCC_OPTIMIZATION_LEVEL = 0;
				GCC_PREPROCESSOR_DEFINITIONS = (
					"DEBUG=1",
					"$(inherited)",
				);
				GCC_WARN_64_TO_32_BIT_CONVERSION = YES;
				GCC_WARN_ABOUT_RETURN_TYPE = YES_ERROR;
				GCC_WARN_UNDECLARED_SELECTOR = YES;
				GCC_WARN_UNINITIALIZED_AUTOS = YES_AGGRESSIVE;
				GCC_WARN_UNUSED_FUNCTION = YES;
				GCC_WARN_UNUSED_VARIABLE = YES;
				IPHONEOS_DEPLOYMENT_TARGET = 16.0;
				LOCALIZATION_PREFERS_STRING_CATALOGS = YES;
				MTL_ENABLE_DEBUG_INFO = INCLUDE_SOURCE;
				MTL_FAST_MATH = YES;
				ONLY_ACTIVE_ARCH = YES;
				SDKROOT = iphoneos;
				SWIFT_ACTIVE_COMPILATION_CONDITIONS = "DEBUG $(inherited)";
				SWIFT_OPTIMIZATION_LEVEL = "-Onone";
			};
			name = Debug;
		};
		D0AE3DE62C3714F100351C65 /* Release */ = {
			isa = XCBuildConfiguration;
			buildSettings = {
				ALWAYS_SEARCH_USER_PATHS = NO;
				ASSETCATALOG_COMPILER_GENERATE_SWIFT_ASSET_SYMBOL_EXTENSIONS = YES;
				CLANG_ANALYZER_NONNULL = YES;
				CLANG_ANALYZER_NUMBER_OBJECT_CONVERSION = YES_AGGRESSIVE;
				CLANG_CXX_LANGUAGE_STANDARD = "gnu++20";
				CLANG_ENABLE_MODULES = YES;
				CLANG_ENABLE_OBJC_ARC = YES;
				CLANG_ENABLE_OBJC_WEAK = YES;
				CLANG_WARN_BLOCK_CAPTURE_AUTORELEASING = YES;
				CLANG_WARN_BOOL_CONVERSION = YES;
				CLANG_WARN_COMMA = YES;
				CLANG_WARN_CONSTANT_CONVERSION = YES;
				CLANG_WARN_DEPRECATED_OBJC_IMPLEMENTATIONS = YES;
				CLANG_WARN_DIRECT_OBJC_ISA_USAGE = YES_ERROR;
				CLANG_WARN_DOCUMENTATION_COMMENTS = YES;
				CLANG_WARN_EMPTY_BODY = YES;
				CLANG_WARN_ENUM_CONVERSION = YES;
				CLANG_WARN_INFINITE_RECURSION = YES;
				CLANG_WARN_INT_CONVERSION = YES;
				CLANG_WARN_NON_LITERAL_NULL_CONVERSION = YES;
				CLANG_WARN_OBJC_IMPLICIT_RETAIN_SELF = YES;
				CLANG_WARN_OBJC_LITERAL_CONVERSION = YES;
				CLANG_WARN_OBJC_ROOT_CLASS = YES_ERROR;
				CLANG_WARN_QUOTED_INCLUDE_IN_FRAMEWORK_HEADER = YES;
				CLANG_WARN_RANGE_LOOP_ANALYSIS = YES;
				CLANG_WARN_STRICT_PROTOTYPES = YES;
				CLANG_WARN_SUSPICIOUS_MOVE = YES;
				CLANG_WARN_UNGUARDED_AVAILABILITY = YES_AGGRESSIVE;
				CLANG_WARN_UNREACHABLE_CODE = YES;
				CLANG_WARN__DUPLICATE_METHOD_MATCH = YES;
				COPY_PHASE_STRIP = NO;
				DEBUG_INFORMATION_FORMAT = "dwarf-with-dsym";
				ENABLE_NS_ASSERTIONS = NO;
				ENABLE_STRICT_OBJC_MSGSEND = YES;
				ENABLE_USER_SCRIPT_SANDBOXING = YES;
				GCC_C_LANGUAGE_STANDARD = gnu17;
				GCC_NO_COMMON_BLOCKS = YES;
				GCC_WARN_64_TO_32_BIT_CONVERSION = YES;
				GCC_WARN_ABOUT_RETURN_TYPE = YES_ERROR;
				GCC_WARN_UNDECLARED_SELECTOR = YES;
				GCC_WARN_UNINITIALIZED_AUTOS = YES_AGGRESSIVE;
				GCC_WARN_UNUSED_FUNCTION = YES;
				GCC_WARN_UNUSED_VARIABLE = YES;
				IPHONEOS_DEPLOYMENT_TARGET = 16.0;
				LOCALIZATION_PREFERS_STRING_CATALOGS = YES;
				MTL_ENABLE_DEBUG_INFO = NO;
				MTL_FAST_MATH = YES;
				SDKROOT = iphoneos;
				SWIFT_COMPILATION_MODE = wholemodule;
				VALIDATE_PRODUCT = YES;
			};
			name = Release;
		};
		D0AE3DE82C3714F100351C65 /* Debug */ = {
			isa = XCBuildConfiguration;
			buildSettings = {
				ASSETCATALOG_COMPILER_APPICON_NAME = AppIcon;
				ASSETCATALOG_COMPILER_GLOBAL_ACCENT_COLOR_NAME = AccentColor;
				CODE_SIGN_ENTITLEMENTS = "Firebase Bootcamp/Firebase Bootcamp.entitlements";
				CODE_SIGN_STYLE = Automatic;
				CURRENT_PROJECT_VERSION = 1;
				DEVELOPMENT_ASSET_PATHS = "\"Firebase Bootcamp/Preview Content\"";
				DEVELOPMENT_TEAM = JRSAMZW6G9;
				ENABLE_PREVIEWS = YES;
				GENERATE_INFOPLIST_FILE = YES;
				INFOPLIST_FILE = "Firebase-Bootcamp-Info.plist";
				INFOPLIST_KEY_UIApplicationSceneManifest_Generation = YES;
				INFOPLIST_KEY_UIApplicationSupportsIndirectInputEvents = YES;
				INFOPLIST_KEY_UILaunchScreen_Generation = YES;
				INFOPLIST_KEY_UISupportedInterfaceOrientations_iPad = "UIInterfaceOrientationPortrait UIInterfaceOrientationPortraitUpsideDown UIInterfaceOrientationLandscapeLeft UIInterfaceOrientationLandscapeRight";
				INFOPLIST_KEY_UISupportedInterfaceOrientations_iPhone = "UIInterfaceOrientationPortrait UIInterfaceOrientationLandscapeLeft UIInterfaceOrientationLandscapeRight";
				IPHONEOS_DEPLOYMENT_TARGET = 16.0;
				LD_RUNPATH_SEARCH_PATHS = (
					"$(inherited)",
					"@executable_path/Frameworks",
				);
				MARKETING_VERSION = 1.0;
				PRODUCT_BUNDLE_IDENTIFIER = "com.pavlobezkorovainyi.Firebase-Bootcamp";
				PRODUCT_NAME = "$(TARGET_NAME)";
				SWIFT_EMIT_LOC_STRINGS = YES;
				SWIFT_VERSION = 5.0;
				TARGETED_DEVICE_FAMILY = "1,2";
			};
			name = Debug;
		};
		D0AE3DE92C3714F100351C65 /* Release */ = {
			isa = XCBuildConfiguration;
			buildSettings = {
				ASSETCATALOG_COMPILER_APPICON_NAME = AppIcon;
				ASSETCATALOG_COMPILER_GLOBAL_ACCENT_COLOR_NAME = AccentColor;
				CODE_SIGN_ENTITLEMENTS = "Firebase Bootcamp/Firebase Bootcamp.entitlements";
				CODE_SIGN_STYLE = Automatic;
				CURRENT_PROJECT_VERSION = 1;
				DEVELOPMENT_ASSET_PATHS = "\"Firebase Bootcamp/Preview Content\"";
				DEVELOPMENT_TEAM = JRSAMZW6G9;
				ENABLE_PREVIEWS = YES;
				GENERATE_INFOPLIST_FILE = YES;
				INFOPLIST_FILE = "Firebase-Bootcamp-Info.plist";
				INFOPLIST_KEY_UIApplicationSceneManifest_Generation = YES;
				INFOPLIST_KEY_UIApplicationSupportsIndirectInputEvents = YES;
				INFOPLIST_KEY_UILaunchScreen_Generation = YES;
				INFOPLIST_KEY_UISupportedInterfaceOrientations_iPad = "UIInterfaceOrientationPortrait UIInterfaceOrientationPortraitUpsideDown UIInterfaceOrientationLandscapeLeft UIInterfaceOrientationLandscapeRight";
				INFOPLIST_KEY_UISupportedInterfaceOrientations_iPhone = "UIInterfaceOrientationPortrait UIInterfaceOrientationLandscapeLeft UIInterfaceOrientationLandscapeRight";
				IPHONEOS_DEPLOYMENT_TARGET = 16.0;
				LD_RUNPATH_SEARCH_PATHS = (
					"$(inherited)",
					"@executable_path/Frameworks",
				);
				MARKETING_VERSION = 1.0;
				PRODUCT_BUNDLE_IDENTIFIER = "com.pavlobezkorovainyi.Firebase-Bootcamp";
				PRODUCT_NAME = "$(TARGET_NAME)";
				SWIFT_EMIT_LOC_STRINGS = YES;
				SWIFT_VERSION = 5.0;
				TARGETED_DEVICE_FAMILY = "1,2";
			};
			name = Release;
		};
/* End XCBuildConfiguration section */

/* Begin XCConfigurationList section */
		D0AE3DD42C3714EF00351C65 /* Build configuration list for PBXProject "Firebase Bootcamp" */ = {
			isa = XCConfigurationList;
			buildConfigurations = (
				D0AE3DE52C3714F100351C65 /* Debug */,
				D0AE3DE62C3714F100351C65 /* Release */,
			);
			defaultConfigurationIsVisible = 0;
			defaultConfigurationName = Release;
		};
		D0AE3DE72C3714F100351C65 /* Build configuration list for PBXNativeTarget "Firebase Bootcamp" */ = {
			isa = XCConfigurationList;
			buildConfigurations = (
				D0AE3DE82C3714F100351C65 /* Debug */,
				D0AE3DE92C3714F100351C65 /* Release */,
			);
			defaultConfigurationIsVisible = 0;
			defaultConfigurationName = Release;
		};
/* End XCConfigurationList section */

/* Begin XCRemoteSwiftPackageReference section */
		D0AE3DEC2C3719D200351C65 /* XCRemoteSwiftPackageReference "firebase-ios-sdk" */ = {
			isa = XCRemoteSwiftPackageReference;
			repositoryURL = "https://github.com/firebase/firebase-ios-sdk";
			requirement = {
				kind = upToNextMajorVersion;
				minimumVersion = 10.28.1;
			};
		};
		D0F0EC922C6F6ABF007E54DE /* XCRemoteSwiftPackageReference "GoogleSignIn-iOS" */ = {
			isa = XCRemoteSwiftPackageReference;
			repositoryURL = "https://github.com/google/GoogleSignIn-iOS.git";
			requirement = {
				kind = upToNextMajorVersion;
				minimumVersion = 7.0.0;
			};
		};
/* End XCRemoteSwiftPackageReference section */

/* Begin XCSwiftPackageProductDependency section */
		D025A6512C73995600F5DF03 /* FirebaseFirestore */ = {
			isa = XCSwiftPackageProductDependency;
			package = D0AE3DEC2C3719D200351C65 /* XCRemoteSwiftPackageReference "firebase-ios-sdk" */;
			productName = FirebaseFirestore;
		};
		D025A6532C73995600F5DF03 /* FirebaseFirestoreSwift */ = {
			isa = XCSwiftPackageProductDependency;
			package = D0AE3DEC2C3719D200351C65 /* XCRemoteSwiftPackageReference "firebase-ios-sdk" */;
			productName = FirebaseFirestoreSwift;
		};
		D06C8F4D2C3EBAF500833820 /* FirebaseAuth */ = {
			isa = XCSwiftPackageProductDependency;
			package = D0AE3DEC2C3719D200351C65 /* XCRemoteSwiftPackageReference "firebase-ios-sdk" */;
			productName = FirebaseAuth;
		};
		D0AE3DED2C3719D200351C65 /* FirebaseAnalytics */ = {
			isa = XCSwiftPackageProductDependency;
			package = D0AE3DEC2C3719D200351C65 /* XCRemoteSwiftPackageReference "firebase-ios-sdk" */;
			productName = FirebaseAnalytics;
		};
		D0AE3DEF2C3719D200351C65 /* FirebaseAnalyticsSwift */ = {
			isa = XCSwiftPackageProductDependency;
			package = D0AE3DEC2C3719D200351C65 /* XCRemoteSwiftPackageReference "firebase-ios-sdk" */;
			productName = FirebaseAnalyticsSwift;
		};
		D0F0EC932C6F6ABF007E54DE /* GoogleSignIn */ = {
			isa = XCSwiftPackageProductDependency;
			package = D0F0EC922C6F6ABF007E54DE /* XCRemoteSwiftPackageReference "GoogleSignIn-iOS" */;
			productName = GoogleSignIn;
		};
		D0F0EC952C6F6ABF007E54DE /* GoogleSignInSwift */ = {
			isa = XCSwiftPackageProductDependency;
			package = D0F0EC922C6F6ABF007E54DE /* XCRemoteSwiftPackageReference "GoogleSignIn-iOS" */;
			productName = GoogleSignInSwift;
		};
/* End XCSwiftPackageProductDependency section */
	};
	rootObject = D0AE3DD12C3714EF00351C65 /* Project object */;
}
